{
  "name": "validation",
  "version": "unspecified",
  "lockfileVersion": 3,
  "requires": true,
  "packages": {
    "": {
      "name": "validation",
      "version": "unspecified",
      "workspaces": [
        "packages/validation-runtime",
        "packages/validation-runtime-test"
      ],
      "devDependencies": {}
    },
    "node_modules/validation-runtime": {
      "resolved": "packages/validation-runtime",
      "link": true
    },
    "node_modules/validation-runtime-test": {
      "resolved": "packages/validation-runtime-test",
      "link": true
    },
    "packages/validation-runtime": {
      "version": "0.0.0-unspecified",
      "devDependencies": {}
    },
    "packages/validation-runtime-test": {
      "version": "0.0.0-unspecified",
      "devDependencies": {}
    }
  }
}
